
Microsoft Visual Studio Solution File, Format Version 12.00
# Visual Studio Version 16
VisualStudioVersion = 16.0.32630.194
MinimumVisualStudioVersion = 10.0.40219.1
Project("{FAE04EC0-301F-11D3-BF4B-00C04F79EFBC}") = "MathApp", "MathApp\MathApp.csproj", "{8732E510-54F7-44EF-8219-44F4558CA59E}"
EndProject
Global
	GlobalSection(SolutionConfigurationPlatforms) = preSolution
		Debug|Any CPU = Debug|Any CPU
		Release|Any CPU = Release|Any CPU
	EndGlobalSection
	GlobalSection(ProjectConfigurationPlatforms) = postSolution
		{8732E510-54F7-44EF-8219-44F4558CA59E}.Debug|Any CPU.ActiveCfg = Debug|Any CPU
		{8732E510-54F7-44EF-8219-44F4558CA59E}.Debug|Any CPU.Build.0 = Debug|Any CPU
		{8732E510-54F7-44EF-8219-44F4558CA59E}.Release|Any CPU.ActiveCfg = Release|Any CPU
		{8732E510-54F7-44EF-8219-44F4558CA59E}.Release|Any CPU.Build.0 = Release|Any CPU
	EndGlobalSection
	GlobalSection(SolutionProperties) = preSolution
		HideSolutionNode = FALSE
	EndGlobalSection
	GlobalSection(ExtensibilityGlobals) = postSolution
		SolutionGuid = {FFD071CF-08DD-4198-B763-105D7F7418A7}
	EndGlobalSection
EndGlobal
