
Microsoft Visual Studio Solution File, Format Version 12.00
# Visual Studio Version 16
VisualStudioVersion = 16.0.32630.194
MinimumVisualStudioVersion = 10.0.40219.1
Project("{FAE04EC0-301F-11D3-BF4B-00C04F79EFBC}") = "AbstractClassAssignment", "AbstractClassAssignment\AbstractClassAssignment.csproj", "{F53D3D4D-1DD3-4408-BA8D-AAB66CFE49AC}"
EndProject
Global
	GlobalSection(SolutionConfigurationPlatforms) = preSolution
		Debug|Any CPU = Debug|Any CPU
		Release|Any CPU = Release|Any CPU
	EndGlobalSection
	GlobalSection(ProjectConfigurationPlatforms) = postSolution
		{F53D3D4D-1DD3-4408-BA8D-AAB66CFE49AC}.Debug|Any CPU.ActiveCfg = Debug|Any CPU
		{F53D3D4D-1DD3-4408-BA8D-AAB66CFE49AC}.Debug|Any CPU.Build.0 = Debug|Any CPU
		{F53D3D4D-1DD3-4408-BA8D-AAB66CFE49AC}.Release|Any CPU.ActiveCfg = Release|Any CPU
		{F53D3D4D-1DD3-4408-BA8D-AAB66CFE49AC}.Release|Any CPU.Build.0 = Release|Any CPU
	EndGlobalSection
	GlobalSection(SolutionProperties) = preSolution
		HideSolutionNode = FALSE
	EndGlobalSection
	GlobalSection(ExtensibilityGlobals) = postSolution
		SolutionGuid = {3F01F87D-A26E-4722-9C0B-C66A29FBC46A}
	EndGlobalSection
EndGlobal
